
Microsoft Visual Studio Solution File, Format Version 12.00
# Visual Studio Version 16
VisualStudioVersion = 16.0.30907.101
MinimumVisualStudioVersion = 10.0.40219.1
Project("{9A19103F-16F7-4668-BE54-9A1E7A4F7556}") = "DragonRush", "DragonRush\DragonRush.csproj", "{0EE643EA-F23C-49EC-99D8-61966F9AAD2C}"
EndProject
Project("{9A19103F-16F7-4668-BE54-9A1E7A4F7556}") = "DragonRushEngine", "DragonRushEngine\DragonRushEngine.csproj", "{D348FA90-CEE1-4B18-BF09-DFE89ECF0EB2}"
EndProject
Project("{9A19103F-16F7-4668-BE54-9A1E7A4F7556}") = "DragonRush_Media", "DragonRush_Media\DragonRush_Media.csproj", "{98A7D003-0481-42C0-B7FA-9EF92998E186}"
EndProject
Project("{9A19103F-16F7-4668-BE54-9A1E7A4F7556}") = "DragonRush_Data", "DragonRush_Data\DragonRush_Data.csproj", "{97DE04F7-E908-4B45-8AAB-8E87E89B3946}"
EndProject
Project("{9A19103F-16F7-4668-BE54-9A1E7A4F7556}") = "DragonRush_Core", "DragonRush_Core\DragonRush_Core.csproj", "{3F3C9591-3DC4-4108-832C-50817EB48192}"
EndProject
Project("{FAE04EC0-301F-11D3-BF4B-00C04F79EFBC}") = "DragonRush_Media_Tester", "DragonRush_Media_Tester\DragonRush_Media_Tester.csproj", "{57B9CC66-4B3D-455C-B5B8-54FCBC28C500}"
EndProject
Global
	GlobalSection(SolutionConfigurationPlatforms) = preSolution
		Debug|Any CPU = Debug|Any CPU
		Release|Any CPU = Release|Any CPU
	EndGlobalSection
	GlobalSection(ProjectConfigurationPlatforms) = postSolution
		{0EE643EA-F23C-49EC-99D8-61966F9AAD2C}.Debug|Any CPU.ActiveCfg = Debug|Any CPU
		{0EE643EA-F23C-49EC-99D8-61966F9AAD2C}.Debug|Any CPU.Build.0 = Debug|Any CPU
		{0EE643EA-F23C-49EC-99D8-61966F9AAD2C}.Release|Any CPU.ActiveCfg = Release|Any CPU
		{0EE643EA-F23C-49EC-99D8-61966F9AAD2C}.Release|Any CPU.Build.0 = Release|Any CPU
		{D348FA90-CEE1-4B18-BF09-DFE89ECF0EB2}.Debug|Any CPU.ActiveCfg = Debug|Any CPU
		{D348FA90-CEE1-4B18-BF09-DFE89ECF0EB2}.Debug|Any CPU.Build.0 = Debug|Any CPU
		{D348FA90-CEE1-4B18-BF09-DFE89ECF0EB2}.Release|Any CPU.ActiveCfg = Release|Any CPU
		{D348FA90-CEE1-4B18-BF09-DFE89ECF0EB2}.Release|Any CPU.Build.0 = Release|Any CPU
		{98A7D003-0481-42C0-B7FA-9EF92998E186}.Debug|Any CPU.ActiveCfg = Debug|Any CPU
		{98A7D003-0481-42C0-B7FA-9EF92998E186}.Debug|Any CPU.Build.0 = Debug|Any CPU
		{98A7D003-0481-42C0-B7FA-9EF92998E186}.Release|Any CPU.ActiveCfg = Release|Any CPU
		{98A7D003-0481-42C0-B7FA-9EF92998E186}.Release|Any CPU.Build.0 = Release|Any CPU
		{97DE04F7-E908-4B45-8AAB-8E87E89B3946}.Debug|Any CPU.ActiveCfg = Debug|Any CPU
		{97DE04F7-E908-4B45-8AAB-8E87E89B3946}.Debug|Any CPU.Build.0 = Debug|Any CPU
		{97DE04F7-E908-4B45-8AAB-8E87E89B3946}.Release|Any CPU.ActiveCfg = Release|Any CPU
		{97DE04F7-E908-4B45-8AAB-8E87E89B3946}.Release|Any CPU.Build.0 = Release|Any CPU
		{3F3C9591-3DC4-4108-832C-50817EB48192}.Debug|Any CPU.ActiveCfg = Debug|Any CPU
		{3F3C9591-3DC4-4108-832C-50817EB48192}.Debug|Any CPU.Build.0 = Debug|Any CPU
		{3F3C9591-3DC4-4108-832C-50817EB48192}.Release|Any CPU.ActiveCfg = Release|Any CPU
		{3F3C9591-3DC4-4108-832C-50817EB48192}.Release|Any CPU.Build.0 = Release|Any CPU
		{57B9CC66-4B3D-455C-B5B8-54FCBC28C500}.Debug|Any CPU.ActiveCfg = Debug|Any CPU
		{57B9CC66-4B3D-455C-B5B8-54FCBC28C500}.Debug|Any CPU.Build.0 = Debug|Any CPU
		{57B9CC66-4B3D-455C-B5B8-54FCBC28C500}.Release|Any CPU.ActiveCfg = Release|Any CPU
		{57B9CC66-4B3D-455C-B5B8-54FCBC28C500}.Release|Any CPU.Build.0 = Release|Any CPU
	EndGlobalSection
	GlobalSection(SolutionProperties) = preSolution
		HideSolutionNode = FALSE
	EndGlobalSection
	GlobalSection(ExtensibilityGlobals) = postSolution
		SolutionGuid = {81BE8EC7-6CB2-4937-9B1C-1019CA2229CB}
	EndGlobalSection
EndGlobal
